// !$*UTF8*$!
{
	archiveVersion = 1;
	classes = {
	};
	objectVersion = 56;
	objects = {

/* Begin PBXBuildFile section */
		9A04CB1F2D85814400A1A319 /* ResortCoordinator.swift in Sources */ = {isa = PBXBuildFile; fileRef = 9A04CB1E2D85814400A1A319 /* ResortCoordinator.swift */; };
		9A04CB232D85E24100A1A319 /* IPInfoResponse.swift in Sources */ = {isa = PBXBuildFile; fileRef = 9A04CB222D85E24100A1A319 /* IPInfoResponse.swift */; };
		9ADEA1442D84836700EA092B /* AppDelegate.swift in Sources */ = {isa = PBXBuildFile; fileRef = 9ADEA1432D84836700EA092B /* AppDelegate.swift */; };
		9ADEA1462D84836700EA092B /* SceneDelegate.swift in Sources */ = {isa = PBXBuildFile; fileRef = 9ADEA1452D84836700EA092B /* SceneDelegate.swift */; };
		9ADEA14B2D84836700EA092B /* Base in Resources */ = {isa = PBXBuildFile; fileRef = 9ADEA14A2D84836700EA092B /* Base */; };
		9ADEA14D2D84836900EA092B /* Assets.xcassets in Resources */ = {isa = PBXBuildFile; fileRef = 9ADEA14C2D84836900EA092B /* Assets.xcassets */; };
		9ADEA1502D84836900EA092B /* Base in Resources */ = {isa = PBXBuildFile; fileRef = 9ADEA14F2D84836900EA092B /* Base */; };
		9ADEA1582D84881D00EA092B /* MainCoordinator.swift in Sources */ = {isa = PBXBuildFile; fileRef = 9ADEA1572D84881D00EA092B /* MainCoordinator.swift */; };
		9ADEA15A2D84D45A00EA092B /* LoadingView.swift in Sources */ = {isa = PBXBuildFile; fileRef = 9ADEA1592D84D45A00EA092B /* LoadingView.swift */; };
		9ADEA15C2D84D46500EA092B /* LoadingViewModel.swift in Sources */ = {isa = PBXBuildFile; fileRef = 9ADEA15B2D84D46500EA092B /* LoadingViewModel.swift */; };
		9ADEA15E2D84D47B00EA092B /* LoadingViewCoordinator.swift in Sources */ = {isa = PBXBuildFile; fileRef = 9ADEA15D2D84D47B00EA092B /* LoadingViewCoordinator.swift */; };
		9ADEA1612D84DAC800EA092B /* WebView.swift in Sources */ = {isa = PBXBuildFile; fileRef = 9ADEA1602D84DAC800EA092B /* WebView.swift */; };
		9ADEA1632D84DAE500EA092B /* WebViewModel.swift in Sources */ = {isa = PBXBuildFile; fileRef = 9ADEA1622D84DAE500EA092B /* WebViewModel.swift */; };
		9ADEA1652D84DAF400EA092B /* WebViewCoordinator.swift in Sources */ = {isa = PBXBuildFile; fileRef = 9ADEA1642D84DAF400EA092B /* WebViewCoordinator.swift */; };
		9ADEA1682D84ED3700EA092B /* ImagePicker.swift in Sources */ = {isa = PBXBuildFile; fileRef = 9ADEA1672D84ED3700EA092B /* ImagePicker.swift */; };
		9ADEA16A2D84ED7000EA092B /* WebViewScreen.swift in Sources */ = {isa = PBXBuildFile; fileRef = 9ADEA1692D84ED7000EA092B /* WebViewScreen.swift */; };
		9ADEA16C2D84EF7700EA092B /* DataListView.swift in Sources */ = {isa = PBXBuildFile; fileRef = 9ADEA16B2D84EF7700EA092B /* DataListView.swift */; };
		9ADEA16E2D84EF8800EA092B /* DataListViewModel.swift in Sources */ = {isa = PBXBuildFile; fileRef = 9ADEA16D2D84EF8800EA092B /* DataListViewModel.swift */; };
		9ADEA1702D84EF9A00EA092B /* DataListCoordinator.swift in Sources */ = {isa = PBXBuildFile; fileRef = 9ADEA16F2D84EF9A00EA092B /* DataListCoordinator.swift */; };
		9ADEA1732D84F44D00EA092B /* resorts.json in Resources */ = {isa = PBXBuildFile; fileRef = 9ADEA1722D84F44D00EA092B /* resorts.json */; };
		9ADEA1752D84F4B800EA092B /* Resort.swift in Sources */ = {isa = PBXBuildFile; fileRef = 9ADEA1742D84F4B800EA092B /* Resort.swift */; };
		9ADEA1772D84FB4E00EA092B /* ResortDetailView.swift in Sources */ = {isa = PBXBuildFile; fileRef = 9ADEA1762D84FB4E00EA092B /* ResortDetailView.swift */; };
		9ADEA1792D84FBBA00EA092B /* Bundle+Ext.swift in Sources */ = {isa = PBXBuildFile; fileRef = 9ADEA1782D84FBBA00EA092B /* Bundle+Ext.swift */; };
		9ADEA17E2D84FD4600EA092B /* ResortViewModel.swift in Sources */ = {isa = PBXBuildFile; fileRef = 9ADEA17D2D84FD4600EA092B /* ResortViewModel.swift */; };
/* End PBXBuildFile section */

/* Begin PBXFileReference section */
		9A04CB1E2D85814400A1A319 /* ResortCoordinator.swift */ = {isa = PBXFileReference; lastKnownFileType = sourcecode.swift; path = ResortCoordinator.swift; sourceTree = "<group>"; };
		9A04CB222D85E24100A1A319 /* IPInfoResponse.swift */ = {isa = PBXFileReference; lastKnownFileType = sourcecode.swift; path = IPInfoResponse.swift; sourceTree = "<group>"; };
		9ADEA1402D84836700EA092B /* WebViewTest.app */ = {isa = PBXFileReference; explicitFileType = wrapper.application; includeInIndex = 0; path = WebViewTest.app; sourceTree = BUILT_PRODUCTS_DIR; };
		9ADEA1432D84836700EA092B /* AppDelegate.swift */ = {isa = PBXFileReference; lastKnownFileType = sourcecode.swift; path = AppDelegate.swift; sourceTree = "<group>"; };
		9ADEA1452D84836700EA092B /* SceneDelegate.swift */ = {isa = PBXFileReference; lastKnownFileType = sourcecode.swift; path = SceneDelegate.swift; sourceTree = "<group>"; };
		9ADEA14A2D84836700EA092B /* Base */ = {isa = PBXFileReference; lastKnownFileType = file.storyboard; name = Base; path = Base.lproj/Main.storyboard; sourceTree = "<group>"; };
		9ADEA14C2D84836900EA092B /* Assets.xcassets */ = {isa = PBXFileReference; lastKnownFileType = folder.assetcatalog; path = Assets.xcassets; sourceTree = "<group>"; };
		9ADEA14F2D84836900EA092B /* Base */ = {isa = PBXFileReference; lastKnownFileType = file.storyboard; name = Base; path = Base.lproj/LaunchScreen.storyboard; sourceTree = "<group>"; };
		9ADEA1512D84836900EA092B /* Info.plist */ = {isa = PBXFileReference; lastKnownFileType = text.plist.xml; path = Info.plist; sourceTree = "<group>"; };
		9ADEA1572D84881D00EA092B /* MainCoordinator.swift */ = {isa = PBXFileReference; lastKnownFileType = sourcecode.swift; path = MainCoordinator.swift; sourceTree = "<group>"; };
		9ADEA1592D84D45A00EA092B /* LoadingView.swift */ = {isa = PBXFileReference; lastKnownFileType = sourcecode.swift; path = LoadingView.swift; sourceTree = "<group>"; };
		9ADEA15B2D84D46500EA092B /* LoadingViewModel.swift */ = {isa = PBXFileReference; lastKnownFileType = sourcecode.swift; path = LoadingViewModel.swift; sourceTree = "<group>"; };
		9ADEA15D2D84D47B00EA092B /* LoadingViewCoordinator.swift */ = {isa = PBXFileReference; lastKnownFileType = sourcecode.swift; path = LoadingViewCoordinator.swift; sourceTree = "<group>"; };
		9ADEA1602D84DAC800EA092B /* WebView.swift */ = {isa = PBXFileReference; lastKnownFileType = sourcecode.swift; path = WebView.swift; sourceTree = "<group>"; };
		9ADEA1622D84DAE500EA092B /* WebViewModel.swift */ = {isa = PBXFileReference; lastKnownFileType = sourcecode.swift; path = WebViewModel.swift; sourceTree = "<group>"; };
		9ADEA1642D84DAF400EA092B /* WebViewCoordinator.swift */ = {isa = PBXFileReference; lastKnownFileType = sourcecode.swift; path = WebViewCoordinator.swift; sourceTree = "<group>"; };
		9ADEA1672D84ED3700EA092B /* ImagePicker.swift */ = {isa = PBXFileReference; lastKnownFileType = sourcecode.swift; path = ImagePicker.swift; sourceTree = "<group>"; };
		9ADEA1692D84ED7000EA092B /* WebViewScreen.swift */ = {isa = PBXFileReference; lastKnownFileType = sourcecode.swift; path = WebViewScreen.swift; sourceTree = "<group>"; };
		9ADEA16B2D84EF7700EA092B /* DataListView.swift */ = {isa = PBXFileReference; lastKnownFileType = sourcecode.swift; path = DataListView.swift; sourceTree = "<group>"; };
		9ADEA16D2D84EF8800EA092B /* DataListViewModel.swift */ = {isa = PBXFileReference; lastKnownFileType = sourcecode.swift; path = DataListViewModel.swift; sourceTree = "<group>"; };
		9ADEA16F2D84EF9A00EA092B /* DataListCoordinator.swift */ = {isa = PBXFileReference; lastKnownFileType = sourcecode.swift; path = DataListCoordinator.swift; sourceTree = "<group>"; };
		9ADEA1722D84F44D00EA092B /* resorts.json */ = {isa = PBXFileReference; fileEncoding = 4; lastKnownFileType = text.json; path = resorts.json; sourceTree = "<group>"; };
		9ADEA1742D84F4B800EA092B /* Resort.swift */ = {isa = PBXFileReference; lastKnownFileType = sourcecode.swift; path = Resort.swift; sourceTree = "<group>"; };
		9ADEA1762D84FB4E00EA092B /* ResortDetailView.swift */ = {isa = PBXFileReference; lastKnownFileType = sourcecode.swift; path = ResortDetailView.swift; sourceTree = "<group>"; };
		9ADEA1782D84FBBA00EA092B /* Bundle+Ext.swift */ = {isa = PBXFileReference; lastKnownFileType = sourcecode.swift; path = "Bundle+Ext.swift"; sourceTree = "<group>"; };
		9ADEA17D2D84FD4600EA092B /* ResortViewModel.swift */ = {isa = PBXFileReference; lastKnownFileType = sourcecode.swift; path = ResortViewModel.swift; sourceTree = "<group>"; };
/* End PBXFileReference section */

/* Begin PBXFrameworksBuildPhase section */
		9ADEA13D2D84836700EA092B /* Frameworks */ = {
			isa = PBXFrameworksBuildPhase;
			buildActionMask = 2147483647;
			files = (
			);
			runOnlyForDeploymentPostprocessing = 0;
		};
/* End PBXFrameworksBuildPhase section */

/* Begin PBXGroup section */
		9A04CB1D2D85805800A1A319 /* ResortView */ = {
			isa = PBXGroup;
			children = (
				9ADEA1762D84FB4E00EA092B /* ResortDetailView.swift */,
				9ADEA17D2D84FD4600EA092B /* ResortViewModel.swift */,
				9A04CB1E2D85814400A1A319 /* ResortCoordinator.swift */,
			);
			path = ResortView;
			sourceTree = "<group>";
		};
		9A04CB202D85D85C00A1A319 /* ImagePicker */ = {
			isa = PBXGroup;
			children = (
				9ADEA1672D84ED3700EA092B /* ImagePicker.swift */,
			);
			path = ImagePicker;
			sourceTree = "<group>";
		};
		9A04CB212D85D87900A1A319 /* MainCoordinator */ = {
			isa = PBXGroup;
			children = (
				9ADEA1572D84881D00EA092B /* MainCoordinator.swift */,
			);
			path = MainCoordinator;
			sourceTree = "<group>";
		};
		9A04CB242D85E30800A1A319 /* Root */ = {
			isa = PBXGroup;
			children = (
				9ADEA1432D84836700EA092B /* AppDelegate.swift */,
				9ADEA1452D84836700EA092B /* SceneDelegate.swift */,
				9ADEA14E2D84836900EA092B /* LaunchScreen.storyboard */,
				9ADEA1492D84836700EA092B /* Main.storyboard */,
				9ADEA14C2D84836900EA092B /* Assets.xcassets */,
			);
			path = Root;
			sourceTree = "<group>";
		};
		9A04CB252D85E32900A1A319 /* Resources */ = {
			isa = PBXGroup;
			children = (
				9ADEA1722D84F44D00EA092B /* resorts.json */,
			);
			path = Resources;
			sourceTree = "<group>";
		};
		9ADEA1372D84836700EA092B = {
			isa = PBXGroup;
			children = (
				9ADEA1422D84836700EA092B /* WebViewTest */,
				9ADEA1412D84836700EA092B /* Products */,
			);
			sourceTree = "<group>";
		};
		9ADEA1412D84836700EA092B /* Products */ = {
			isa = PBXGroup;
			children = (
				9ADEA1402D84836700EA092B /* WebViewTest.app */,
			);
			name = Products;
			sourceTree = "<group>";
		};
		9ADEA1422D84836700EA092B /* WebViewTest */ = {
			isa = PBXGroup;
			children = (
				9ADEA1712D84EFA300EA092B /* DataListView */,
				9ADEA17C2D84FCC800EA092B /* Extension */,
				9A04CB202D85D85C00A1A319 /* ImagePicker */,
				9ADEA15F2D84D47F00EA092B /* LoadingView */,
				9A04CB212D85D87900A1A319 /* MainCoordinator */,
				9ADEA17A2D84FCB200EA092B /* Models */,
				9A04CB252D85E32900A1A319 /* Resources */,
				9A04CB1D2D85805800A1A319 /* ResortView */,
				9A04CB242D85E30800A1A319 /* Root */,
				9ADEA1662D84DAFA00EA092B /* WebView */,
				9ADEA1512D84836900EA092B /* Info.plist */,
			);
			path = WebViewTest;
			sourceTree = "<group>";
		};
		9ADEA15F2D84D47F00EA092B /* LoadingView */ = {
			isa = PBXGroup;
			children = (
				9ADEA1592D84D45A00EA092B /* LoadingView.swift */,
				9ADEA15B2D84D46500EA092B /* LoadingViewModel.swift */,
				9ADEA15D2D84D47B00EA092B /* LoadingViewCoordinator.swift */,
			);
			path = LoadingView;
			sourceTree = "<group>";
		};
		9ADEA1662D84DAFA00EA092B /* WebView */ = {
			isa = PBXGroup;
			children = (
				9ADEA1602D84DAC800EA092B /* WebView.swift */,
				9ADEA1622D84DAE500EA092B /* WebViewModel.swift */,
				9ADEA1692D84ED7000EA092B /* WebViewScreen.swift */,
				9ADEA1642D84DAF400EA092B /* WebViewCoordinator.swift */,
			);
			path = WebView;
			sourceTree = "<group>";
		};
		9ADEA1712D84EFA300EA092B /* DataListView */ = {
			isa = PBXGroup;
			children = (
				9ADEA16B2D84EF7700EA092B /* DataListView.swift */,
				9ADEA16D2D84EF8800EA092B /* DataListViewModel.swift */,
				9ADEA16F2D84EF9A00EA092B /* DataListCoordinator.swift */,
			);
			path = DataListView;
			sourceTree = "<group>";
		};
		9ADEA17A2D84FCB200EA092B /* Models */ = {
			isa = PBXGroup;
			children = (
				9ADEA1742D84F4B800EA092B /* Resort.swift */,
				9A04CB222D85E24100A1A319 /* IPInfoResponse.swift */,
			);
			path = Models;
			sourceTree = "<group>";
		};
		9ADEA17C2D84FCC800EA092B /* Extension */ = {
			isa = PBXGroup;
			children = (
				9ADEA1782D84FBBA00EA092B /* Bundle+Ext.swift */,
			);
			path = Extension;
			sourceTree = "<group>";
		};
/* End PBXGroup section */

/* Begin PBXNativeTarget section */
		9ADEA13F2D84836700EA092B /* WebViewTest */ = {
			isa = PBXNativeTarget;
			buildConfigurationList = 9ADEA1542D84836900EA092B /* Build configuration list for PBXNativeTarget "WebViewTest" */;
			buildPhases = (
				9ADEA13C2D84836700EA092B /* Sources */,
				9ADEA13D2D84836700EA092B /* Frameworks */,
				9ADEA13E2D84836700EA092B /* Resources */,
			);
			buildRules = (
			);
			dependencies = (
			);
			name = WebViewTest;
			productName = WebViewTest;
			productReference = 9ADEA1402D84836700EA092B /* WebViewTest.app */;
			productType = "com.apple.product-type.application";
		};
/* End PBXNativeTarget section */

/* Begin PBXProject section */
		9ADEA1382D84836700EA092B /* Project object */ = {
			isa = PBXProject;
			attributes = {
				BuildIndependentTargetsInParallel = 1;
				LastSwiftUpdateCheck = 1540;
				LastUpgradeCheck = 1540;
				TargetAttributes = {
					9ADEA13F2D84836700EA092B = {
						CreatedOnToolsVersion = 15.4;
					};
				};
			};
			buildConfigurationList = 9ADEA13B2D84836700EA092B /* Build configuration list for PBXProject "WebViewTest" */;
			compatibilityVersion = "Xcode 14.0";
			developmentRegion = en;
			hasScannedForEncodings = 0;
			knownRegions = (
				en,
				Base,
			);
			mainGroup = 9ADEA1372D84836700EA092B;
			productRefGroup = 9ADEA1412D84836700EA092B /* Products */;
			projectDirPath = "";
			projectRoot = "";
			targets = (
				9ADEA13F2D84836700EA092B /* WebViewTest */,
			);
		};
/* End PBXProject section */

/* Begin PBXResourcesBuildPhase section */
		9ADEA13E2D84836700EA092B /* Resources */ = {
			isa = PBXResourcesBuildPhase;
			buildActionMask = 2147483647;
			files = (
				9ADEA14D2D84836900EA092B /* Assets.xcassets in Resources */,
				9ADEA1502D84836900EA092B /* Base in Resources */,
				9ADEA1732D84F44D00EA092B /* resorts.json in Resources */,
				9ADEA14B2D84836700EA092B /* Base in Resources */,
			);
			runOnlyForDeploymentPostprocessing = 0;
		};
/* End PBXResourcesBuildPhase section */

/* Begin PBXSourcesBuildPhase section */
		9ADEA13C2D84836700EA092B /* Sources */ = {
			isa = PBXSourcesBuildPhase;
			buildActionMask = 2147483647;
			files = (
				9ADEA1652D84DAF400EA092B /* WebViewCoordinator.swift in Sources */,
				9ADEA1632D84DAE500EA092B /* WebViewModel.swift in Sources */,
				9ADEA16A2D84ED7000EA092B /* WebViewScreen.swift in Sources */,
				9A04CB232D85E24100A1A319 /* IPInfoResponse.swift in Sources */,
				9ADEA1612D84DAC800EA092B /* WebView.swift in Sources */,
				9ADEA16C2D84EF7700EA092B /* DataListView.swift in Sources */,
				9ADEA1582D84881D00EA092B /* MainCoordinator.swift in Sources */,
				9A04CB1F2D85814400A1A319 /* ResortCoordinator.swift in Sources */,
				9ADEA1702D84EF9A00EA092B /* DataListCoordinator.swift in Sources */,
				9ADEA1442D84836700EA092B /* AppDelegate.swift in Sources */,
				9ADEA15A2D84D45A00EA092B /* LoadingView.swift in Sources */,
				9ADEA1682D84ED3700EA092B /* ImagePicker.swift in Sources */,
				9ADEA1752D84F4B800EA092B /* Resort.swift in Sources */,
				9ADEA1462D84836700EA092B /* SceneDelegate.swift in Sources */,
				9ADEA1792D84FBBA00EA092B /* Bundle+Ext.swift in Sources */,
				9ADEA15C2D84D46500EA092B /* LoadingViewModel.swift in Sources */,
				9ADEA16E2D84EF8800EA092B /* DataListViewModel.swift in Sources */,
				9ADEA1772D84FB4E00EA092B /* ResortDetailView.swift in Sources */,
				9ADEA15E2D84D47B00EA092B /* LoadingViewCoordinator.swift in Sources */,
				9ADEA17E2D84FD4600EA092B /* ResortViewModel.swift in Sources */,
			);
			runOnlyForDeploymentPostprocessing = 0;
		};
/* End PBXSourcesBuildPhase section */

/* Begin PBXVariantGroup section */
		9ADEA1492D84836700EA092B /* Main.storyboard */ = {
			isa = PBXVariantGroup;
			children = (
				9ADEA14A2D84836700EA092B /* Base */,
			);
			name = Main.storyboard;
			sourceTree = "<group>";
		};
		9ADEA14E2D84836900EA092B /* LaunchScreen.storyboard */ = {
			isa = PBXVariantGroup;
			children = (
				9ADEA14F2D84836900EA092B /* Base */,
			);
			name = LaunchScreen.storyboard;
			sourceTree = "<group>";
		};
/* End PBXVariantGroup section */

/* Begin XCBuildConfiguration section */
		9ADEA1522D84836900EA092B /* Debug */ = {
			isa = XCBuildConfiguration;
			buildSettings = {
				ALWAYS_SEARCH_USER_PATHS = NO;
				ASSETCATALOG_COMPILER_GENERATE_SWIFT_ASSET_SYMBOL_EXTENSIONS = YES;
				CLANG_ANALYZER_NONNULL = YES;
				CLANG_ANALYZER_NUMBER_OBJECT_CONVERSION = YES_AGGRESSIVE;
				CLANG_CXX_LANGUAGE_STANDARD = "gnu++20";
				CLANG_ENABLE_MODULES = YES;
				CLANG_ENABLE_OBJC_ARC = YES;
				CLANG_ENABLE_OBJC_WEAK = YES;
				CLANG_WARN_BLOCK_CAPTURE_AUTORELEASING = YES;
				CLANG_WARN_BOOL_CONVERSION = YES;
				CLANG_WARN_COMMA = YES;
				CLANG_WARN_CONSTANT_CONVERSION = YES;
				CLANG_WARN_DEPRECATED_OBJC_IMPLEMENTATIONS = YES;
				CLANG_WARN_DIRECT_OBJC_ISA_USAGE = YES_ERROR;
				CLANG_WARN_DOCUMENTATION_COMMENTS = YES;
				CLANG_WARN_EMPTY_BODY = YES;
				CLANG_WARN_ENUM_CONVERSION = YES;
				CLANG_WARN_INFINITE_RECURSION = YES;
				CLANG_WARN_INT_CONVERSION = YES;
				CLANG_WARN_NON_LITERAL_NULL_CONVERSION = YES;
				CLANG_WARN_OBJC_IMPLICIT_RETAIN_SELF = YES;
				CLANG_WARN_OBJC_LITERAL_CONVERSION = YES;
				CLANG_WARN_OBJC_ROOT_CLASS = YES_ERROR;
				CLANG_WARN_QUOTED_INCLUDE_IN_FRAMEWORK_HEADER = YES;
				CLANG_WARN_RANGE_LOOP_ANALYSIS = YES;
				CLANG_WARN_STRICT_PROTOTYPES = YES;
				CLANG_WARN_SUSPICIOUS_MOVE = YES;
				CLANG_WARN_UNGUARDED_AVAILABILITY = YES_AGGRESSIVE;
				CLANG_WARN_UNREACHABLE_CODE = YES;
				CLANG_WARN__DUPLICATE_METHOD_MATCH = YES;
				COPY_PHASE_STRIP = NO;
				DEBUG_INFORMATION_FORMAT = dwarf;
				ENABLE_STRICT_OBJC_MSGSEND = YES;
				ENABLE_TESTABILITY = YES;
				ENABLE_USER_SCRIPT_SANDBOXING = YES;
				GCC_C_LANGUAGE_STANDARD = gnu17;
				GCC_DYNAMIC_NO_PIC = NO;
				GCC_NO_COMMON_BLOCKS = YES;
				GCC_OPTIMIZATION_LEVEL = 0;
				GCC_PREPROCESSOR_DEFINITIONS = (
					"DEBUG=1",
					"$(inherited)",
				);
				GCC_WARN_64_TO_32_BIT_CONVERSION = YES;
				GCC_WARN_ABOUT_RETURN_TYPE = YES_ERROR;
				GCC_WARN_UNDECLARED_SELECTOR = YES;
				GCC_WARN_UNINITIALIZED_AUTOS = YES_AGGRESSIVE;
				GCC_WARN_UNUSED_FUNCTION = YES;
				GCC_WARN_UNUSED_VARIABLE = YES;
				IPHONEOS_DEPLOYMENT_TARGET = 17.5;
				LOCALIZATION_PREFERS_STRING_CATALOGS = YES;
				MTL_ENABLE_DEBUG_INFO = INCLUDE_SOURCE;
				MTL_FAST_MATH = YES;
				ONLY_ACTIVE_ARCH = YES;
				SDKROOT = iphoneos;
				SWIFT_ACTIVE_COMPILATION_CONDITIONS = "DEBUG $(inherited)";
				SWIFT_OPTIMIZATION_LEVEL = "-Onone";
			};
			name = Debug;
		};
		9ADEA1532D84836900EA092B /* Release */ = {
			isa = XCBuildConfiguration;
			buildSettings = {
				ALWAYS_SEARCH_USER_PATHS = NO;
				ASSETCATALOG_COMPILER_GENERATE_SWIFT_ASSET_SYMBOL_EXTENSIONS = YES;
				CLANG_ANALYZER_NONNULL = YES;
				CLANG_ANALYZER_NUMBER_OBJECT_CONVERSION = YES_AGGRESSIVE;
				CLANG_CXX_LANGUAGE_STANDARD = "gnu++20";
				CLANG_ENABLE_MODULES = YES;
				CLANG_ENABLE_OBJC_ARC = YES;
				CLANG_ENABLE_OBJC_WEAK = YES;
				CLANG_WARN_BLOCK_CAPTURE_AUTORELEASING = YES;
				CLANG_WARN_BOOL_CONVERSION = YES;
				CLANG_WARN_COMMA = YES;
				CLANG_WARN_CONSTANT_CONVERSION = YES;
				CLANG_WARN_DEPRECATED_OBJC_IMPLEMENTATIONS = YES;
				CLANG_WARN_DIRECT_OBJC_ISA_USAGE = YES_ERROR;
				CLANG_WARN_DOCUMENTATION_COMMENTS = YES;
				CLANG_WARN_EMPTY_BODY = YES;
				CLANG_WARN_ENUM_CONVERSION = YES;
				CLANG_WARN_INFINITE_RECURSION = YES;
				CLANG_WARN_INT_CONVERSION = YES;
				CLANG_WARN_NON_LITERAL_NULL_CONVERSION = YES;
				CLANG_WARN_OBJC_IMPLICIT_RETAIN_SELF = YES;
				CLANG_WARN_OBJC_LITERAL_CONVERSION = YES;
				CLANG_WARN_OBJC_ROOT_CLASS = YES_ERROR;
				CLANG_WARN_QUOTED_INCLUDE_IN_FRAMEWORK_HEADER = YES;
				CLANG_WARN_RANGE_LOOP_ANALYSIS = YES;
				CLANG_WARN_STRICT_PROTOTYPES = YES;
				CLANG_WARN_SUSPICIOUS_MOVE = YES;
				CLANG_WARN_UNGUARDED_AVAILABILITY = YES_AGGRESSIVE;
				CLANG_WARN_UNREACHABLE_CODE = YES;
				CLANG_WARN__DUPLICATE_METHOD_MATCH = YES;
				COPY_PHASE_STRIP = NO;
				DEBUG_INFORMATION_FORMAT = "dwarf-with-dsym";
				ENABLE_NS_ASSERTIONS = NO;
				ENABLE_STRICT_OBJC_MSGSEND = YES;
				ENABLE_USER_SCRIPT_SANDBOXING = YES;
				GCC_C_LANGUAGE_STANDARD = gnu17;
				GCC_NO_COMMON_BLOCKS = YES;
				GCC_WARN_64_TO_32_BIT_CONVERSION = YES;
				GCC_WARN_ABOUT_RETURN_TYPE = YES_ERROR;
				GCC_WARN_UNDECLARED_SELECTOR = YES;
				GCC_WARN_UNINITIALIZED_AUTOS = YES_AGGRESSIVE;
				GCC_WARN_UNUSED_FUNCTION = YES;
				GCC_WARN_UNUSED_VARIABLE = YES;
				IPHONEOS_DEPLOYMENT_TARGET = 17.5;
				LOCALIZATION_PREFERS_STRING_CATALOGS = YES;
				MTL_ENABLE_DEBUG_INFO = NO;
				MTL_FAST_MATH = YES;
				SDKROOT = iphoneos;
				SWIFT_COMPILATION_MODE = wholemodule;
				VALIDATE_PRODUCT = YES;
			};
			name = Release;
		};
		9ADEA1552D84836900EA092B /* Debug */ = {
			isa = XCBuildConfiguration;
			buildSettings = {
				ASSETCATALOG_COMPILER_APPICON_NAME = AppIcon;
				ASSETCATALOG_COMPILER_GLOBAL_ACCENT_COLOR_NAME = AccentColor;
				CODE_SIGN_STYLE = Automatic;
				CURRENT_PROJECT_VERSION = 1;
				DEVELOPMENT_TEAM = 5A6MRQFFRW;
				GENERATE_INFOPLIST_FILE = YES;
				INFOPLIST_FILE = WebViewTest/Info.plist;
				INFOPLIST_KEY_UIApplicationSupportsIndirectInputEvents = YES;
				INFOPLIST_KEY_UILaunchStoryboardName = LaunchScreen;
				INFOPLIST_KEY_UIMainStoryboardFile = Main;
				INFOPLIST_KEY_UISupportedInterfaceOrientations_iPad = "UIInterfaceOrientationPortrait UIInterfaceOrientationPortraitUpsideDown UIInterfaceOrientationLandscapeLeft UIInterfaceOrientationLandscapeRight";
				INFOPLIST_KEY_UISupportedInterfaceOrientations_iPhone = "UIInterfaceOrientationPortrait UIInterfaceOrientationLandscapeLeft UIInterfaceOrientationLandscapeRight";
				IPHONEOS_DEPLOYMENT_TARGET = 15.0;
				LD_RUNPATH_SEARCH_PATHS = (
					"$(inherited)",
					"@executable_path/Frameworks",
				);
				MARKETING_VERSION = 1.0;
				PRODUCT_BUNDLE_IDENTIFIER = com.alina.hryshchenko.WebViewTest;
				PRODUCT_NAME = "$(TARGET_NAME)";
				SWIFT_EMIT_LOC_STRINGS = YES;
				SWIFT_VERSION = 5.0;
				TARGETED_DEVICE_FAMILY = "1,2";
			};
			name = Debug;
		};
		9ADEA1562D84836900EA092B /* Release */ = {
			isa = XCBuildConfiguration;
			buildSettings = {
				ASSETCATALOG_COMPILER_APPICON_NAME = AppIcon;
				ASSETCATALOG_COMPILER_GLOBAL_ACCENT_COLOR_NAME = AccentColor;
				CODE_SIGN_STYLE = Automatic;
				CURRENT_PROJECT_VERSION = 1;
				DEVELOPMENT_TEAM = 5A6MRQFFRW;
				GENERATE_INFOPLIST_FILE = YES;
				INFOPLIST_FILE = WebViewTest/Info.plist;
				INFOPLIST_KEY_UIApplicationSupportsIndirectInputEvents = YES;
				INFOPLIST_KEY_UILaunchStoryboardName = LaunchScreen;
				INFOPLIST_KEY_UIMainStoryboardFile = Main;
				INFOPLIST_KEY_UISupportedInterfaceOrientations_iPad = "UIInterfaceOrientationPortrait UIInterfaceOrientationPortraitUpsideDown UIInterfaceOrientationLandscapeLeft UIInterfaceOrientationLandscapeRight";
				INFOPLIST_KEY_UISupportedInterfaceOrientations_iPhone = "UIInterfaceOrientationPortrait UIInterfaceOrientationLandscapeLeft UIInterfaceOrientationLandscapeRight";
				IPHONEOS_DEPLOYMENT_TARGET = 15.0;
				LD_RUNPATH_SEARCH_PATHS = (
					"$(inherited)",
					"@executable_path/Frameworks",
				);
				MARKETING_VERSION = 1.0;
				PRODUCT_BUNDLE_IDENTIFIER = com.alina.hryshchenko.WebViewTest;
				PRODUCT_NAME = "$(TARGET_NAME)";
				SWIFT_EMIT_LOC_STRINGS = YES;
				SWIFT_VERSION = 5.0;
				TARGETED_DEVICE_FAMILY = "1,2";
			};
			name = Release;
		};
/* End XCBuildConfiguration section */

/* Begin XCConfigurationList section */
		9ADEA13B2D84836700EA092B /* Build configuration list for PBXProject "WebViewTest" */ = {
			isa = XCConfigurationList;
			buildConfigurations = (
				9ADEA1522D84836900EA092B /* Debug */,
				9ADEA1532D84836900EA092B /* Release */,
			);
			defaultConfigurationIsVisible = 0;
			defaultConfigurationName = Release;
		};
		9ADEA1542D84836900EA092B /* Build configuration list for PBXNativeTarget "WebViewTest" */ = {
			isa = XCConfigurationList;
			buildConfigurations = (
				9ADEA1552D84836900EA092B /* Debug */,
				9ADEA1562D84836900EA092B /* Release */,
			);
			defaultConfigurationIsVisible = 0;
			defaultConfigurationName = Release;
		};
/* End XCConfigurationList section */
	};
	rootObject = 9ADEA1382D84836700EA092B /* Project object */;
}
